
Microsoft Visual Studio Solution File, Format Version 12.00
# Visual Studio Version 17
VisualStudioVersion = 17.9.34728.123
MinimumVisualStudioVersion = 10.0.40219.1
Project("{FAE04EC0-301F-11D3-BF4B-00C04F79EFBC}") = "APBDTest1", "APBDTest1\APBDTest1.csproj", "{C9AADA70-B1AB-4BDC-837D-680CBE06CC68}"
EndProject
Global
	GlobalSection(SolutionConfigurationPlatforms) = preSolution
		Debug|Any CPU = Debug|Any CPU
		Release|Any CPU = Release|Any CPU
	EndGlobalSection
	GlobalSection(ProjectConfigurationPlatforms) = postSolution
		{C9AADA70-B1AB-4BDC-837D-680CBE06CC68}.Debug|Any CPU.ActiveCfg = Debug|Any CPU
		{C9AADA70-B1AB-4BDC-837D-680CBE06CC68}.Debug|Any CPU.Build.0 = Debug|Any CPU
		{C9AADA70-B1AB-4BDC-837D-680CBE06CC68}.Release|Any CPU.ActiveCfg = Release|Any CPU
		{C9AADA70-B1AB-4BDC-837D-680CBE06CC68}.Release|Any CPU.Build.0 = Release|Any CPU
	EndGlobalSection
	GlobalSection(SolutionProperties) = preSolution
		HideSolutionNode = FALSE
	EndGlobalSection
	GlobalSection(ExtensibilityGlobals) = postSolution
		SolutionGuid = {2ACCFFA3-9E83-4A4C-AEF4-9F9C750F4604}
	EndGlobalSection
EndGlobal
